
Microsoft Visual Studio Solution File, Format Version 12.00
# Visual Studio Version 17
VisualStudioVersion = 17.0.32112.339
MinimumVisualStudioVersion = 10.0.40219.1
Project("{8BC9CEB8-8B4A-11D0-8D11-00A0C91BC942}") = "RayTracer", "RayTracer.vcxproj", "{63CC6F4E-76A0-42F8-A7C7-7853EAB3394E}"
EndProject
Global
	GlobalSection(SolutionConfigurationPlatforms) = preSolution
		Debug|x64 = Debug|x64
		Debug|x86 = Debug|x86
		Release|x64 = Release|x64
		Release|x86 = Release|x86
	EndGlobalSection
	GlobalSection(ProjectConfigurationPlatforms) = postSolution
		{63CC6F4E-76A0-42F8-A7C7-7853EAB3394E}.Debug|x64.ActiveCfg = Debug|x64
		{63CC6F4E-76A0-42F8-A7C7-7853EAB3394E}.Debug|x64.Build.0 = Debug|x64
		{63CC6F4E-76A0-42F8-A7C7-7853EAB3394E}.Debug|x86.ActiveCfg = Debug|Win32
		{63CC6F4E-76A0-42F8-A7C7-7853EAB3394E}.Debug|x86.Build.0 = Debug|Win32
		{63CC6F4E-76A0-42F8-A7C7-7853EAB3394E}.Release|x64.ActiveCfg = Release|x64
		{63CC6F4E-76A0-42F8-A7C7-7853EAB3394E}.Release|x64.Build.0 = Release|x64
		{63CC6F4E-76A0-42F8-A7C7-7853EAB3394E}.Release|x86.ActiveCfg = Release|Win32
		{63CC6F4E-76A0-42F8-A7C7-7853EAB3394E}.Release|x86.Build.0 = Release|Win32
	EndGlobalSection
	GlobalSection(SolutionProperties) = preSolution
		HideSolutionNode = FALSE
	EndGlobalSection
	GlobalSection(ExtensibilityGlobals) = postSolution
		SolutionGuid = {F1DCEC01-9597-4C09-A6B2-A658EF34588E}
	EndGlobalSection
EndGlobal
